
Microsoft Visual Studio Solution File, Format Version 12.00
# Visual Studio Version 17
VisualStudioVersion = 17.9.34622.214
MinimumVisualStudioVersion = 10.0.40219.1
Project("{FAE04EC0-301F-11D3-BF4B-00C04F79EFBC}") = "bolaraga_api", "bolaraga_api\bolaraga_api.csproj", "{70437AEE-4A37-4A70-8306-874F120F9F4D}"
EndProject
Global
	GlobalSection(SolutionConfigurationPlatforms) = preSolution
		Debug|Any CPU = Debug|Any CPU
		Release|Any CPU = Release|Any CPU
	EndGlobalSection
	GlobalSection(ProjectConfigurationPlatforms) = postSolution
		{70437AEE-4A37-4A70-8306-874F120F9F4D}.Debug|Any CPU.ActiveCfg = Debug|Any CPU
		{70437AEE-4A37-4A70-8306-874F120F9F4D}.Debug|Any CPU.Build.0 = Debug|Any CPU
		{70437AEE-4A37-4A70-8306-874F120F9F4D}.Release|Any CPU.ActiveCfg = Release|Any CPU
		{70437AEE-4A37-4A70-8306-874F120F9F4D}.Release|Any CPU.Build.0 = Release|Any CPU
	EndGlobalSection
	GlobalSection(SolutionProperties) = preSolution
		HideSolutionNode = FALSE
	EndGlobalSection
	GlobalSection(ExtensibilityGlobals) = postSolution
		SolutionGuid = {53D830B6-19F8-43B2-8EA3-FBCD69A61966}
	EndGlobalSection
EndGlobal
